
Microsoft Visual Studio Solution File, Format Version 12.00
# Visual Studio Version 17
VisualStudioVersion = 17.0.32014.148
MinimumVisualStudioVersion = 10.0.40219.1
Project("{FAE04EC0-301F-11D3-BF4B-00C04F79EFBC}") = "Income and Expenses", "Income and Expenses\Income and Expenses.csproj", "{F427C705-26F2-46B8-9094-CDA492CDAC6A}"
EndProject
Global
	GlobalSection(SolutionConfigurationPlatforms) = preSolution
		Debug|Any CPU = Debug|Any CPU
		Release|Any CPU = Release|Any CPU
	EndGlobalSection
	GlobalSection(ProjectConfigurationPlatforms) = postSolution
		{F427C705-26F2-46B8-9094-CDA492CDAC6A}.Debug|Any CPU.ActiveCfg = Debug|Any CPU
		{F427C705-26F2-46B8-9094-CDA492CDAC6A}.Debug|Any CPU.Build.0 = Debug|Any CPU
		{F427C705-26F2-46B8-9094-CDA492CDAC6A}.Release|Any CPU.ActiveCfg = Release|Any CPU
		{F427C705-26F2-46B8-9094-CDA492CDAC6A}.Release|Any CPU.Build.0 = Release|Any CPU
	EndGlobalSection
	GlobalSection(SolutionProperties) = preSolution
		HideSolutionNode = FALSE
	EndGlobalSection
	GlobalSection(ExtensibilityGlobals) = postSolution
		SolutionGuid = {893B7AA9-5CE6-42B0-85CB-CEAED86A5518}
	EndGlobalSection
EndGlobal
