
Microsoft Visual Studio Solution File, Format Version 12.00
# Visual Studio Version 17
VisualStudioVersion = 17.0.32014.148
MinimumVisualStudioVersion = 10.0.40219.1
Project("{FAE04EC0-301F-11D3-BF4B-00C04F79EFBC}") = "My library", "My library\My library.csproj", "{6008D04C-53EF-440D-B58E-E04C56275623}"
EndProject
Global
	GlobalSection(SolutionConfigurationPlatforms) = preSolution
		Debug|Any CPU = Debug|Any CPU
		Release|Any CPU = Release|Any CPU
	EndGlobalSection
	GlobalSection(ProjectConfigurationPlatforms) = postSolution
		{6008D04C-53EF-440D-B58E-E04C56275623}.Debug|Any CPU.ActiveCfg = Debug|Any CPU
		{6008D04C-53EF-440D-B58E-E04C56275623}.Debug|Any CPU.Build.0 = Debug|Any CPU
		{6008D04C-53EF-440D-B58E-E04C56275623}.Release|Any CPU.ActiveCfg = Release|Any CPU
		{6008D04C-53EF-440D-B58E-E04C56275623}.Release|Any CPU.Build.0 = Release|Any CPU
	EndGlobalSection
	GlobalSection(SolutionProperties) = preSolution
		HideSolutionNode = FALSE
	EndGlobalSection
	GlobalSection(ExtensibilityGlobals) = postSolution
		SolutionGuid = {E4D07EE8-F004-464D-85EF-98540D879186}
	EndGlobalSection
EndGlobal
