
Microsoft Visual Studio Solution File, Format Version 12.00
# Visual Studio Version 17
VisualStudioVersion = 17.0.32014.148
MinimumVisualStudioVersion = 10.0.40219.1
Project("{FAE04EC0-301F-11D3-BF4B-00C04F79EFBC}") = "Pokemon Battle", "Pokemon Battle\Pokemon Battle.csproj", "{06DAC5C1-A7C9-4E50-91E7-7556E7C5E238}"
EndProject
Global
	GlobalSection(SolutionConfigurationPlatforms) = preSolution
		Debug|Any CPU = Debug|Any CPU
		Release|Any CPU = Release|Any CPU
	EndGlobalSection
	GlobalSection(ProjectConfigurationPlatforms) = postSolution
		{06DAC5C1-A7C9-4E50-91E7-7556E7C5E238}.Debug|Any CPU.ActiveCfg = Debug|Any CPU
		{06DAC5C1-A7C9-4E50-91E7-7556E7C5E238}.Debug|Any CPU.Build.0 = Debug|Any CPU
		{06DAC5C1-A7C9-4E50-91E7-7556E7C5E238}.Release|Any CPU.ActiveCfg = Release|Any CPU
		{06DAC5C1-A7C9-4E50-91E7-7556E7C5E238}.Release|Any CPU.Build.0 = Release|Any CPU
	EndGlobalSection
	GlobalSection(SolutionProperties) = preSolution
		HideSolutionNode = FALSE
	EndGlobalSection
	GlobalSection(ExtensibilityGlobals) = postSolution
		SolutionGuid = {F4290872-3F4C-437F-BF6E-1C6DE3776EC3}
	EndGlobalSection
EndGlobal
