
Microsoft Visual Studio Solution File, Format Version 12.00
# Visual Studio Version 17
VisualStudioVersion = 17.0.32014.148
MinimumVisualStudioVersion = 10.0.40219.1
Project("{FAE04EC0-301F-11D3-BF4B-00C04F79EFBC}") = "Student_App", "Student_App\Student_App.csproj", "{86B9F685-4A79-4C25-99A1-B9E955792DFB}"
EndProject
Global
	GlobalSection(SolutionConfigurationPlatforms) = preSolution
		Debug|Any CPU = Debug|Any CPU
		Release|Any CPU = Release|Any CPU
	EndGlobalSection
	GlobalSection(ProjectConfigurationPlatforms) = postSolution
		{86B9F685-4A79-4C25-99A1-B9E955792DFB}.Debug|Any CPU.ActiveCfg = Debug|Any CPU
		{86B9F685-4A79-4C25-99A1-B9E955792DFB}.Debug|Any CPU.Build.0 = Debug|Any CPU
		{86B9F685-4A79-4C25-99A1-B9E955792DFB}.Release|Any CPU.ActiveCfg = Release|Any CPU
		{86B9F685-4A79-4C25-99A1-B9E955792DFB}.Release|Any CPU.Build.0 = Release|Any CPU
	EndGlobalSection
	GlobalSection(SolutionProperties) = preSolution
		HideSolutionNode = FALSE
	EndGlobalSection
	GlobalSection(ExtensibilityGlobals) = postSolution
		SolutionGuid = {51E6BA3E-E12C-41E1-8395-189C65F1F814}
	EndGlobalSection
EndGlobal
